if false then
	--- parent box to hold all the columns
	local classColumns = screen:parse({
		style = "none",
		layout = "HORIZONTAL",
		sizing = { "FIT", "FIT" },
		gap = 5,
	})

	-- loop for each class with a given style
	for _, className in ipairs(GNUI.Theme.getClassNames()) do
		-- create a column container for each widget
		local variantColumn = screen:parse({
			layout = "VERTICAL",
			sizing = { "FIT", "FIT" },
			minSize = vec(80, 0),
			style = "none",
		})
		classColumns:addChild(variantColumn)

		-- create the class header
		local classHeader = screen:parse({
			sizing = { "FILL", "FIT" },
			minSize = vec(0, 15),
			style = "none",
			text = className,
		})
		variantColumn:addChild(classHeader)

		-- loop for each class variant
		for _, variantName in ipairs(GNUI.Theme.getVariantNames(className)) do
			-- create that given widget with the given variant
			local widget = screen:parse({
				type = className,
				sizing = { "FILL", "FIT" },
				style = variantName,
				text = variantName,
			})
			variantColumn:addChild(widget)

			--if className == "button" then
			--	widget.PRESSED:register(function ()
			--		widget:free()
			--	end)
			--end
		end
	end
	classColumns:setPos(5, 5)
	screen:addChild(classColumns)
end

