{"meta":{"format_version":"4.10","model_format":"free","box_uv":false},"name":"skall","model_identifier":"","visible_box":[1,1,0],"variable_placeholders":"","variable_placeholder_buttons":[],"timeline_setups":[],"unhandled_root_fields":{},"resolution":{"width":24,"height":38},"elements":[{"name":"Model","color":6,"origin":[-1,1,0],"rotation":[0,10,0],"export":true,"visibility":true,"locked":false,"render_order":"default","allow_mirror_modeling":true,"vertices":{"dKkq":[1,1,1],"p2Ek":[1,1,-4],"ELoC":[1,-1,1],"UetF":[1,-1,-4],"gcdL":[-1,1,1],"NxKQ":[-1,1,-4],"Qa8M":[-1,-1,1],"FN8j":[-1,-1,-4],"J2Sf":[2.56729,1,1.62901],"UqSr":[4.27739,1,-3.06945],"xrZC":[2.56729,-1,1.62901],"qG7w":[4.27739,-1,-3.06945],"kTks":[0.6879,1,0.94497],"xgqu":[2.398,1,-3.75349],"19Gc":[0.6879,-1,0.94497],"mil0":[2.398,-1,-3.75349],"99gR":[2.60713,4,2.49056],"JM0j":[3.30172,4,-1.44867],"J2OS":[2.60713,0,2.49056],"MvNS":[3.30172,0,-1.44867],"Y5yj":[-1.3321,4,1.79597],"bb7E":[-0.63751,4,-2.14326],"w3uA":[-1.3321,0,1.79597],"qXis":[-0.63751,0,-2.14326],"HOj9":[3.62108,9.25,3.93863],"W2JX":[4.74979,9.25,-2.46262],"Rzv5":[3.62108,3.75,3.93863],"Q3Z3":[4.74979,3.75,-2.46262],"bpeK":[-2.78017,9.25,2.80992],"sKqp":[-1.65146,9.25,-3.59133],"RHxo":[-2.78017,3.75,2.80992],"1itU":[-1.65146,3.75,-3.59133],"KOG0":[3.41829,9,3.64902],"x0P4":[4.46018,9,-2.25983],"wJBJ":[3.41829,4,3.64902],"5AZQ":[4.46018,4,-2.25983],"mBcc":[-2.49056,9,2.60713],"IvZF":[-1.44867,9,-3.30172],"Z5Xr":[-2.49056,4,2.60713],"keo3":[-1.44867,4,-3.30172],"g3CF":[-0.88812,3.89523,0.66707],"Pc0y":[-0.88682,3.9255,-1.3327],"0sys":[-1.31728,-1.08574,0.5914],"SA0z":[-1.31598,-1.05548,-1.40837],"Soh8":[-2.88074,4.06689,0.66837],"MJ4z":[-2.87944,4.09716,-1.3314],"5knY":[-3.3099,-0.91408,0.59271],"o1QA":[-3.3086,-0.88381,-1.40706],"1UAG":[4.44803,4.06689,1.96063],"GuES":[5.13077,4.09716,0.08102],"At9W":[4.87719,-0.91408,2.03631],"XCZX":[5.55993,-0.88381,0.1567],"6x7t":[2.57603,3.89523,1.27789],"PBXI":[3.25877,3.9255,-0.60172],"2F4O":[3.00518,-1.08574,1.35357],"lrDv":[3.68792,-1.05548,-0.52604],"zXj4":[4.22945,10,4.80747],"V9UB":[5.61863,10,-3.07099],"bzTA":[4.22945,9,4.80747],"eGpA":[5.61863,9,-3.07099],"yDk6":[-3.64902,10,3.41829],"OJZ6":[-2.25983,10,-4.46018],"oT6B":[-3.64902,9,3.41829],"Bj3e":[-2.25983,9,-4.46018],"1wZa":[3.41829,15,3.64902],"68DN":[4.46018,15,-2.25983],"gGC6":[3.41829,10,3.64902],"awHB":[4.46018,10,-2.25983],"c0xv":[-2.49056,15,2.60713],"Hm5Z":[-1.44867,15,-3.30172],"SfgP":[-2.49056,10,2.60713],"LiSS":[-1.44867,10,-3.30172]},"faces":{"MCDP3zit":{"uv":{"ELoC":[12,14],"UetF":[12,19],"dKkq":[14,14],"p2Ek":[14,19]},"vertices":["p2Ek","dKkq","UetF","ELoC"],"texture":0},"8ylgONKr":{"uv":{"FN8j":[16,20],"Qa8M":[16,15],"NxKQ":[14,20],"gcdL":[14,15]},"vertices":["gcdL","NxKQ","Qa8M","FN8j"],"texture":0},"ZwNJqrBC":{"uv":{"gcdL":[12,24],"dKkq":[14,24],"NxKQ":[12,19],"p2Ek":[14,19]},"vertices":["p2Ek","NxKQ","dKkq","gcdL"],"texture":0},"k9DxToYu":{"uv":{"FN8j":[14,19],"UetF":[16,19],"Qa8M":[14,24],"ELoC":[16,24]},"vertices":["ELoC","Qa8M","UetF","FN8j"],"texture":0},"pKprkC8j":{"uv":{"Qa8M":[12,14],"ELoC":[14,14],"gcdL":[12,12],"dKkq":[14,12]},"vertices":["dKkq","gcdL","ELoC","Qa8M"],"texture":0},"yw0SbR7D":{"uv":{"UetF":[14,14],"FN8j":[16,14],"p2Ek":[14,12],"NxKQ":[16,12]},"vertices":["NxKQ","p2Ek","FN8j","UetF"],"texture":0},"8HxLUE1L":{"uv":{"xrZC":[16,15],"qG7w":[16,20],"J2Sf":[14,15],"UqSr":[14,20]},"vertices":["UqSr","J2Sf","qG7w","xrZC"],"texture":0},"A9hmpGMz":{"uv":{"mil0":[12,19],"19Gc":[12,14],"xgqu":[14,19],"kTks":[14,14]},"vertices":["kTks","xgqu","19Gc","mil0"],"texture":0},"NnKiurSi":{"uv":{"kTks":[14,24],"J2Sf":[12,24],"xgqu":[14,19],"UqSr":[12,19]},"vertices":["UqSr","xgqu","J2Sf","kTks"],"texture":0},"bRfxXaIg":{"uv":{"mil0":[16,19],"qG7w":[14,19],"19Gc":[16,24],"xrZC":[14,24]},"vertices":["xrZC","19Gc","qG7w","mil0"],"texture":0},"eFP0oF2s":{"uv":{"19Gc":[14,14],"xrZC":[12,14],"kTks":[14,12],"J2Sf":[12,12]},"vertices":["J2Sf","kTks","xrZC","19Gc"],"texture":0},"lstFwLZf":{"uv":{"qG7w":[16,14],"mil0":[14,14],"UqSr":[16,12],"xgqu":[14,12]},"vertices":["xgqu","UqSr","mil0","qG7w"],"texture":0},"uKg01bsY":{"uv":{"J2OS":[16,8],"MvNS":[20,8],"99gR":[16,4],"JM0j":[20,4]},"vertices":["JM0j","99gR","MvNS","J2OS"],"texture":0},"eCZIHqaf":{"uv":{"qXis":[20,8],"w3uA":[24,8],"bb7E":[20,4],"Y5yj":[24,4]},"vertices":["Y5yj","bb7E","w3uA","qXis"],"texture":0},"NnxK6mko":{"uv":{"Y5yj":[16,4],"99gR":[20,4],"bb7E":[16,0],"JM0j":[20,0]},"vertices":["JM0j","bb7E","99gR","Y5yj"],"texture":0},"0AGEuP1Z":{"uv":{"qXis":[20,0],"MvNS":[24,0],"w3uA":[20,4],"J2OS":[24,4]},"vertices":["J2OS","w3uA","MvNS","qXis"],"texture":0},"Z7zL5yWo":{"uv":{"w3uA":[16,12],"J2OS":[20,12],"Y5yj":[16,8],"99gR":[20,8]},"vertices":["99gR","Y5yj","J2OS","w3uA"],"texture":0},"3sow8Uml":{"uv":{"MvNS":[20,12],"qXis":[24,12],"JM0j":[20,8],"bb7E":[24,8]},"vertices":["bb7E","JM0j","qXis","MvNS"],"texture":0},"2hPsRuBc":{"uv":{"Rzv5":[0,31],"Q3Z3":[6,31],"HOj9":[0,26],"W2JX":[6,26]},"vertices":["W2JX","HOj9","Q3Z3","Rzv5"],"texture":0},"5QVQqBTr":{"uv":{"1itU":[6,31],"RHxo":[12,31],"sKqp":[6,26],"bpeK":[12,26]},"vertices":["bpeK","sKqp","RHxo","1itU"],"texture":0},"DdDM5Oos":{"uv":{"bpeK":[6,22],"HOj9":[12,22],"sKqp":[6,16],"W2JX":[12,16]},"vertices":["W2JX","sKqp","HOj9","bpeK"],"texture":0},"9P1hnGEO":{"uv":{"1itU":[6,16],"Q3Z3":[0,16],"RHxo":[6,22],"Rzv5":[0,22]},"vertices":["Rzv5","RHxo","Q3Z3","1itU"],"texture":0},"r53vMsmo":{"uv":{"RHxo":[6,27],"Rzv5":[12,27],"bpeK":[6,22],"HOj9":[12,22]},"vertices":["HOj9","bpeK","Rzv5","RHxo"],"texture":0},"jY7IM2El":{"uv":{"Q3Z3":[0,27],"1itU":[6,27],"W2JX":[0,22],"sKqp":[6,22]},"vertices":["sKqp","W2JX","1itU","Q3Z3"],"texture":0},"Qr8eNRLp":{"uv":{"wJBJ":[0,11],"5AZQ":[6,11],"KOG0":[0,6],"x0P4":[6,6]},"vertices":["x0P4","KOG0","5AZQ","wJBJ"],"texture":0},"lHQCI4pG":{"uv":{"keo3":[6,11],"Z5Xr":[12,11],"IvZF":[6,6],"mBcc":[12,6]},"vertices":["mBcc","IvZF","Z5Xr","keo3"],"texture":0},"PeDrW3rf":{"uv":{"mBcc":[6,6],"KOG0":[12,6],"IvZF":[6,0],"x0P4":[12,0]},"vertices":["x0P4","IvZF","KOG0","mBcc"],"texture":0},"xyT41od5":{"uv":{"keo3":[0,0],"5AZQ":[6,0],"Z5Xr":[0,6],"wJBJ":[6,6]},"vertices":["wJBJ","Z5Xr","5AZQ","keo3"],"texture":0},"UDPekA7O":{"uv":{"Z5Xr":[6,16],"wJBJ":[12,16],"mBcc":[6,11],"KOG0":[12,11]},"vertices":["KOG0","mBcc","wJBJ","Z5Xr"],"texture":0},"WWufp3Vv":{"uv":{"5AZQ":[0,16],"keo3":[6,16],"x0P4":[0,11],"IvZF":[6,11]},"vertices":["IvZF","x0P4","keo3","5AZQ"],"texture":0},"t3Gg8TV1":{"uv":{"0sys":[12,12],"SA0z":[14,12],"g3CF":[12,7],"Pc0y":[14,7]},"vertices":["Pc0y","g3CF","SA0z","0sys"],"texture":0},"bpuDC7sF":{"uv":{"o1QA":[14,12],"5knY":[16,12],"MJ4z":[14,7],"Soh8":[16,7]},"vertices":["Soh8","MJ4z","5knY","o1QA"],"texture":0},"rQL3oAeG":{"uv":{"Soh8":[12,2],"g3CF":[14,2],"MJ4z":[12,0],"Pc0y":[14,0]},"vertices":["Pc0y","MJ4z","g3CF","Soh8"],"texture":0},"eqkYOEUk":{"uv":{"o1QA":[14,0],"SA0z":[16,0],"5knY":[14,2],"0sys":[16,2]},"vertices":["0sys","5knY","SA0z","o1QA"],"texture":0},"ghjAz2VI":{"uv":{"5knY":[14,7],"0sys":[16,7],"Soh8":[14,2],"g3CF":[16,2]},"vertices":["g3CF","Soh8","0sys","5knY"],"texture":0},"0MEldXQ4":{"uv":{"SA0z":[12,7],"o1QA":[14,7],"Pc0y":[12,2],"MJ4z":[14,2]},"vertices":["MJ4z","Pc0y","o1QA","SA0z"],"texture":0},"vk7PVvge":{"uv":{"At9W":[16,12],"XCZX":[14,12],"1UAG":[16,7],"GuES":[14,7]},"vertices":["GuES","1UAG","XCZX","At9W"],"texture":0},"VhuWXTAS":{"uv":{"lrDv":[14,12],"2F4O":[12,12],"PBXI":[14,7],"6x7t":[12,7]},"vertices":["6x7t","PBXI","2F4O","lrDv"],"texture":0},"wZdNuXIR":{"uv":{"6x7t":[14,2],"1UAG":[12,2],"PBXI":[14,0],"GuES":[12,0]},"vertices":["GuES","PBXI","1UAG","6x7t"],"texture":0},"Ty5dtpGN":{"uv":{"lrDv":[16,0],"XCZX":[14,0],"2F4O":[16,2],"At9W":[14,2]},"vertices":["At9W","2F4O","XCZX","lrDv"],"texture":0},"duWqFgNF":{"uv":{"2F4O":[16,7],"At9W":[14,7],"6x7t":[16,2],"1UAG":[14,2]},"vertices":["1UAG","6x7t","At9W","2F4O"],"texture":0},"IFB94NsI":{"uv":{"XCZX":[14,7],"lrDv":[12,7],"GuES":[14,2],"PBXI":[12,2]},"vertices":["PBXI","GuES","lrDv","XCZX"],"texture":0},"HJEvDnv6":{"uv":{"bzTA":[16,13],"eGpA":[24,13],"zXj4":[16,12],"V9UB":[24,12]},"vertices":["V9UB","zXj4","eGpA","bzTA"],"texture":0},"zKuk0Skg":{"uv":{"Bj3e":[16,13],"oT6B":[24,13],"OJZ6":[16,12],"yDk6":[24,12]},"vertices":["yDk6","OJZ6","oT6B","Bj3e"],"texture":0},"BZzkNmB6":{"uv":{"yDk6":[16,21],"zXj4":[24,21],"OJZ6":[16,13],"V9UB":[24,13]},"vertices":["V9UB","OJZ6","zXj4","yDk6"],"texture":0},"CseQebMs":{"uv":{"Bj3e":[16,13],"eGpA":[24,13],"oT6B":[16,21],"bzTA":[24,21]},"vertices":["bzTA","oT6B","eGpA","Bj3e"],"texture":0},"yQCXN5iq":{"uv":{"oT6B":[16,13],"bzTA":[24,13],"yDk6":[16,12],"zXj4":[24,12]},"vertices":["zXj4","yDk6","bzTA","oT6B"],"texture":0},"6W8O1k9t":{"uv":{"eGpA":[16,12],"Bj3e":[24,12],"V9UB":[16,13],"OJZ6":[24,13]},"vertices":["OJZ6","V9UB","Bj3e","eGpA"],"texture":0},"wouqfmey":{"uv":{"gGC6":[16,26],"awHB":[22,26],"1wZa":[16,21],"68DN":[22,21]},"vertices":["68DN","1wZa","awHB","gGC6"],"texture":0},"iDhkJAkO":{"uv":{"LiSS":[16,26],"SfgP":[22,26],"Hm5Z":[16,21],"c0xv":[22,21]},"vertices":["c0xv","Hm5Z","SfgP","LiSS"],"texture":0},"8XaWhMh9":{"uv":{"c0xv":[18,32],"1wZa":[24,32],"Hm5Z":[18,26],"68DN":[24,26]},"vertices":["68DN","Hm5Z","1wZa","c0xv"],"texture":0},"dzHIbmTK":{"uv":{"LiSS":[12,26],"awHB":[18,26],"SfgP":[12,32],"gGC6":[18,32]},"vertices":["gGC6","SfgP","awHB","LiSS"],"texture":0},"eIYPDXPX":{"uv":{"SfgP":[16,26],"gGC6":[22,26],"c0xv":[16,21],"1wZa":[22,21]},"vertices":["1wZa","c0xv","gGC6","SfgP"],"texture":0},"kSBLFnBE":{"uv":{"awHB":[16,26],"LiSS":[22,26],"68DN":[16,21],"Hm5Z":[22,21]},"vertices":["Hm5Z","68DN","LiSS","awHB"],"texture":0}},"type":"mesh","uuid":"357e6b22-0f65-e043-e629-d75a8c81961b"}],"outliner":[{"name":"block","origin":[0,0,0],"color":6,"uuid":"dd7227c9-618b-7573-656c-bf2a690608b3","export":true,"mirror_uv":false,"isOpen":true,"locked":false,"visibility":true,"autouv":0,"selected":false,"children":["357e6b22-0f65-e043-e629-d75a8c81961b"]}],"textures":[{"path":"Z:\\Games\\ETC\\Minecraft\\Figura\\avatars\\A Favorites\\GN's Avatar - Static\\textures\\plushie.png","name":"plushie.png","folder":"block","namespace":"","id":"0","group":"","width":24,"height":38,"uv_width":24,"uv_height":38,"particle":false,"use_as_default":false,"layers_enabled":false,"sync_to_project":"","render_mode":"default","render_sides":"auto","pbr_channel":"color","frame_time":1,"frame_order_type":"loop","frame_order":"","frame_interpolate":false,"visible":true,"internal":true,"saved":true,"uuid":"33913cfe-de8e-a3a2-747e-3f93f40f4134","relative_path":"textures/plushie.png","source":"data:image/png;base64,iVBORw0KGgoAAAANSUhEUgAAABgAAAAmCAYAAADeB1slAAAAAXNSR0IArs4c6QAAA6xJREFUSEvVVUtIVGEUPlfnPZPPcUhnSA0jCnpAtCooFIOKfEAl1CJXaYsQatGiQFu5KhIDLQgU0soWPiqiRUJQi6hAsChBycIxU8u0GR3njtw453Iu/73emUGciM5i/jPnv/d853zncaUPTXVKZkk+uDbmAMri1E+YH/0Gh+e+w/6TCowMx8iOMvPRCl9u9JIe7LpK72SXndfuUXF7C6Cy+gTZ+nsfgjRxt0lBh6IgYGXoDWzdYdEAWH9b95genXveSsH4TzeuAsj0uMk2HwqvDeBAcRYcSW+FgG8DOfixEIXcDFvqAJCuvup7GsDE9G9NZxSkSBRpT/tRpd+zV2dEelCMFGEGZSvXwW230H1MkcDpsIO8HNG9z3+sdgdImxqqFCzmyx6J7KKet02mwqKw/qD2ms7Zls0BDcDlVOlaXIrSSQCnXlUqGNmLz7+AT9GD8e7mUhkVFzsIT6X8AsSiUXDYrSACRJZlsNhsQBQxFWK0Igjeo2ANuIvicW7kigDQiM6HjpXSva+2nc7pjno6y0efafUwAgRnwuDPU9sS9XAoBOUt9URp96E7ag2YXwbg4cFeZwCOjAGmZhZUvpdXwGVP13RvlhNKu45TQG0776sAeMvOeZLRJk747keD5MRYZJ83GxQgFyCBRGDjwVmo6bgIry93qjUQeUOqMCOMQCw661hkUQI1zUba9auCMxgsKgKrxwVyaBFKx8c1EN5F3AiTzSPkMBpVd5QjTQaPx6PWzudTazc9TWcoFALJEthOGYw1VoElxwWFDd10uetKsekuSgRgTIUAcA4GzoVhpPEg2FxOKL70FCra3DR4ZttU7nuvy8CbYadIzQQzkxKta3GS0UF4LAa24U9gtVpBlmXymeFIJ4BIRL8uHA4HUafuhziCDYBF/9rSpz2XX1iipAzAiIsNgRSlBACdiZEzWG5+ETWFzaauj3VRZJZBuGdIZ05a5EQ1MLsz1iAttqTNgWmbphIABw2HDLsqGAxSY9DPrckzCn4PUHAl1BV0anajnigDUwD+HnTv6yenOHi4Ht7VP6EhFFcFPoMAYtYiRXEziEeTGYDxWQ4QM0dBJjhAjaJEALgyzNqV3+HvifjVE4cz4SSbAfv9fh1F4jO8VdlGy47/YKFvD8zC2QqvrshGWzwAo3P2uyqDZLyvGwCLhh2EEYg6R7RugGSD988AMLCERU4WeaJ7RVEUSZJ09WTbmtvUDOj/B8CsxCxEPSUUMW3omPaPUI+/DvAHrS1kO2jhKxQAAAAASUVORK5CYII="},{"path":"Z:\\Games\\ETC\\Minecraft\\Figura\\avatars\\A Favorites\\GN's Avatar - Static\\textures\\tophat_item.png","name":"tophat_item.png","folder":"","namespace":"","id":"1","group":"","width":16,"height":16,"uv_width":16,"uv_height":16,"particle":false,"use_as_default":false,"layers_enabled":false,"sync_to_project":"","render_mode":"default","render_sides":"auto","pbr_channel":"color","frame_time":1,"frame_order_type":"loop","frame_order":"","frame_interpolate":false,"visible":true,"internal":true,"saved":true,"uuid":"3865dbbf-bc61-15db-77c5-ee8215606a59","relative_path":"textures/tophat_item.png","source":"data:image/png;base64,iVBORw0KGgoAAAANSUhEUgAAABAAAAAQCAYAAAAf8/9hAAAAAXNSR0IArs4c6QAAATdJREFUOE9jZMAB5OXl/4Okvn//Dlbx6tUrRmxKMQRhGtXV1VHUX7hwAatBKAaANKNrRDbl+fPnDC9fvkRxDYYBPj4+YD23b99GcQFI86dPn8BeQvYOhgF8fHxgjXZ2dnCDkDWjhwdOA0C2gQwD0TCALUAHoQHTThQwVLjNAzsd3Quc0TYM7+bsxh6IsPiPXRXKYCknzZBlMQHFAOVOa4Ybq38y/Dl8GCU9gMMAFv+w0AYptlKUAht0/NFThmP3nzE8u8QItl1cXJxBUlKSAZSwQNEJNwDkXFDUHTp0COx8mCFrNj5n+HTzB9hmmGbkBAU2QExM7D8nJyfYyTBDQOKwKISlDZDN6AkKHo0wQ0AaYclZVVUVJUXevHkT7H/k1IiSDkCGgBSAXIMNEExIME0wg9ANwZalAV5b2xHS4+mjAAAAAElFTkSuQmCC"}]}